
Microsoft Visual Studio Solution File, Format Version 11.00
# Visual Web Developer Express 2010
Project("{CC5FD16D-436D-48AD-A40C-5A424C6E3E79}") = "MPMServerSide", "MPMServerSide\MPMServerSide.ccproj", "{E5CAB81C-460C-44DE-B9D5-821036A1E409}"
EndProject
Project("{FAE04EC0-301F-11D3-BF4B-00C04F79EFBC}") = "WCFServices", "WCFServices\WCFServices.csproj", "{2B10B18A-5B01-4521-A6A0-545DAD667111}"
EndProject
Global
	GlobalSection(SolutionConfigurationPlatforms) = preSolution
		Debug|Any CPU = Debug|Any CPU
		Release|Any CPU = Release|Any CPU
	EndGlobalSection
	GlobalSection(ProjectConfigurationPlatforms) = postSolution
		{E5CAB81C-460C-44DE-B9D5-821036A1E409}.Debug|Any CPU.ActiveCfg = Debug|Any CPU
		{E5CAB81C-460C-44DE-B9D5-821036A1E409}.Debug|Any CPU.Build.0 = Debug|Any CPU
		{E5CAB81C-460C-44DE-B9D5-821036A1E409}.Release|Any CPU.ActiveCfg = Release|Any CPU
		{E5CAB81C-460C-44DE-B9D5-821036A1E409}.Release|Any CPU.Build.0 = Release|Any CPU
		{2B10B18A-5B01-4521-A6A0-545DAD667111}.Debug|Any CPU.ActiveCfg = Debug|Any CPU
		{2B10B18A-5B01-4521-A6A0-545DAD667111}.Debug|Any CPU.Build.0 = Debug|Any CPU
		{2B10B18A-5B01-4521-A6A0-545DAD667111}.Release|Any CPU.ActiveCfg = Release|Any CPU
		{2B10B18A-5B01-4521-A6A0-545DAD667111}.Release|Any CPU.Build.0 = Release|Any CPU
	EndGlobalSection
	GlobalSection(SolutionProperties) = preSolution
		HideSolutionNode = FALSE
	EndGlobalSection
EndGlobal
